train_gpu:
  cmd: python -m spacy run train_gpu
  script:
    - python -m spacy train configs/config.cfg --output training/ --paths.train assets/train.spacy
      --paths.dev assets/dev.spacy --gpu-id 0
  deps:
    - path: configs/config.cfg
      md5: cb69650f6131f7afda1fa1896b2a0970
    - path: assets/train.spacy
      md5: 63ada82889659ff650667e7527445cbe
    - path: assets/dev.spacy
      md5: b4353f690f98ce14bffb31f1e0ebf42e
  outs:
    - path: training/model-best
      md5: e4d8e03a654cdc76d96877bac277c74b
    - path: training/model-last
      md5: af49721bfe0cd80a57942c9592c00539
  spacy_version: 3.1.0
  spacy_git_version: 530b5d72f
train:
  cmd: python -m spacy run train
  script:
    - python -m spacy train configs/config_trf.cfg --output training/config_trf/ --paths.train
      assets/train.spacy --paths.dev assets/dev.spacy --gpu-id 0
  deps:
    - path: configs/config_trf.cfg
      md5: cb69650f6131f7afda1fa1896b2a0970
    - path: assets/train.spacy
      md5: 63ada82889659ff650667e7527445cbe
    - path: assets/dev.spacy
      md5: b4353f690f98ce14bffb31f1e0ebf42e
  outs:
    - path: training/config_trf/model-best
      md5: c555f8b8825441c7d5c6951796d6a4b8
    - path: training/config_trf/model-last
      md5: e9819fcec8afea6e5a5572ba9b0861be
  spacy_version: 3.1.0
  spacy_git_version: 530b5d72f
